
Microsoft Visual Studio Solution File, Format Version 12.00
# Visual Studio Version 17
VisualStudioVersion = 17.7.34031.279
MinimumVisualStudioVersion = 10.0.40219.1
Project("{FAE04EC0-301F-11D3-BF4B-00C04F79EFBC}") = "Task_19v", "Task_19v\Task_19v.csproj", "{BE4C833C-EA05-4C21-838D-CEBF86D0E9B2}"
EndProject
Project("{FAE04EC0-301F-11D3-BF4B-00C04F79EFBC}") = "Processing", "Processing\Processing.csproj", "{BEC5ACE0-B7B8-424D-9C2E-E2A80C789B56}"
EndProject
Global
	GlobalSection(SolutionConfigurationPlatforms) = preSolution
		Debug|Any CPU = Debug|Any CPU
		Release|Any CPU = Release|Any CPU
	EndGlobalSection
	GlobalSection(ProjectConfigurationPlatforms) = postSolution
		{BE4C833C-EA05-4C21-838D-CEBF86D0E9B2}.Debug|Any CPU.ActiveCfg = Debug|Any CPU
		{BE4C833C-EA05-4C21-838D-CEBF86D0E9B2}.Debug|Any CPU.Build.0 = Debug|Any CPU
		{BE4C833C-EA05-4C21-838D-CEBF86D0E9B2}.Release|Any CPU.ActiveCfg = Release|Any CPU
		{BE4C833C-EA05-4C21-838D-CEBF86D0E9B2}.Release|Any CPU.Build.0 = Release|Any CPU
		{BEC5ACE0-B7B8-424D-9C2E-E2A80C789B56}.Debug|Any CPU.ActiveCfg = Debug|Any CPU
		{BEC5ACE0-B7B8-424D-9C2E-E2A80C789B56}.Debug|Any CPU.Build.0 = Debug|Any CPU
		{BEC5ACE0-B7B8-424D-9C2E-E2A80C789B56}.Release|Any CPU.ActiveCfg = Release|Any CPU
		{BEC5ACE0-B7B8-424D-9C2E-E2A80C789B56}.Release|Any CPU.Build.0 = Release|Any CPU
	EndGlobalSection
	GlobalSection(SolutionProperties) = preSolution
		HideSolutionNode = FALSE
	EndGlobalSection
	GlobalSection(ExtensibilityGlobals) = postSolution
		SolutionGuid = {9E0C38E3-7D86-45AD-ACD5-14C8A1D5186B}
	EndGlobalSection
EndGlobal
